<?xml version="1.0" encoding="utf-8"?>
<Project ToolsVersion="4.0" xmlns="http://schemas.microsoft.com/developer/msbuild/2003">
  <ItemGroup>
    <Filter Include="Source Files">
      <UniqueIdentifier>{4FC737F1-C7A5-4376-A066-2A32D752A2FF}</UniqueIdentifier>
      <Extensions>cpp;c;cc;cxx;def;odl;idl;hpj;bat;asm;asmx</Extensions>
    </Filter>
    <Filter Include="Header Files">
      <UniqueIdentifier>{93995380-89BD-4b04-88EB-625FBE52EBFB}</UniqueIdentifier>
      <Extensions>h;hh;hpp;hxx;hm;inl;inc;xsd</Extensions>
    </Filter>
    <Filter Include="Resource Files">
      <UniqueIdentifier>{67DA6AB6-F800-4c08-8B7A-83BB121AAD01}</UniqueIdentifier>
      <Extensions>rc;ico;cur;bmp;dlg;rc2;rct;bin;rgs;gif;jpg;jpeg;jpe;resx;tiff;tif;png;wav</Extensions>
    </Filter>
  </ItemGroup>
  <ItemGroup>
    <ClCompile Include="external\imgui\src\imgui.cpp">
      <Filter>Source Files</Filter>
    </ClCompile>
    <ClCompile Include="external\imgui\src\imgui_demo.cpp">
      <Filter>Source Files</Filter>
    </ClCompile>
    <ClCompile Include="external\imgui\src\imgui_draw.cpp">
      <Filter>Source Files</Filter>
    </ClCompile>
    <ClCompile Include="external\imgui\src\gl3w.c">
      <Filter>Source Files</Filter>
    </ClCompile>
    <ClCompile Include="falton\unity.cpp">
      <Filter>Source Files</Filter>
    </ClCompile>
    <ClCompile Include="falton\src\ftProfiler.cpp">
      <Filter>Source Files</Filter>
    </ClCompile>
    <ClCompile Include="falton\src\collision\ftCollisionSystem.cpp">
      <Filter>Source Files</Filter>
    </ClCompile>
    <ClCompile Include="falton\src\collision\ftContact.cpp">
      <Filter>Source Files</Filter>
    </ClCompile>
    <ClCompile Include="falton\src\collision\ftManifoldComputer.cpp">
      <Filter>Source Files</Filter>
    </ClCompile>
    <ClCompile Include="falton\src\collision\broadphase\ftDynamicBVH.cpp">
      <Filter>Source Files</Filter>
    </ClCompile>
    <ClCompile Include="falton\src\collision\broadphase\ftHierarchicalGrid.cpp">
      <Filter>Source Files</Filter>
    </ClCompile>
    <ClCompile Include="falton\src\collision\broadphase\ftNSquaredBroadphase.cpp">
      <Filter>Source Files</Filter>
    </ClCompile>
    <ClCompile Include="falton\src\collision\broadphase\ftQuadTree.cpp">
      <Filter>Source Files</Filter>
    </ClCompile>
    <ClCompile Include="falton\src\collision\broadphase\ftToroidalGrid.cpp">
      <Filter>Source Files</Filter>
    </ClCompile>
    <ClCompile Include="falton\src\container\ftBitSet.cpp">
      <Filter>Source Files</Filter>
    </ClCompile>
    <ClCompile Include="falton\src\container\ftIntQueue.cpp">
      <Filter>Source Files</Filter>
    </ClCompile>
    <ClCompile Include="falton\src\container\ftRHHashTable.cpp">
      <Filter>Source Files</Filter>
    </ClCompile>
    <ClCompile Include="falton\src\dynamic\ftBody.cpp">
      <Filter>Source Files</Filter>
    </ClCompile>
    <ClCompile Include="falton\src\dynamic\ftConstraintSolver.cpp">
      <Filter>Source Files</Filter>
    </ClCompile>
    <ClCompile Include="falton\src\dynamic\ftIslandSystem.cpp">
      <Filter>Source Files</Filter>
    </ClCompile>
    <ClCompile Include="falton\src\dynamic\ftJointSolver.cpp">
      <Filter>Source Files</Filter>
    </ClCompile>
    <ClCompile Include="falton\src\dynamic\ftMassComputer.cpp">
      <Filter>Source Files</Filter>
    </ClCompile>
    <ClCompile Include="falton\src\dynamic\ftPhysicsSystem.cpp">
      <Filter>Source Files</Filter>
    </ClCompile>
    <ClCompile Include="falton\src\joint\ftDistanceJoint.cpp">
      <Filter>Source Files</Filter>
    </ClCompile>
    <ClCompile Include="falton\src\joint\ftDynamoJoint.cpp">
      <Filter>Source Files</Filter>
    </ClCompile>
    <ClCompile Include="falton\src\joint\ftHingeJoint.cpp">
      <Filter>Source Files</Filter>
    </ClCompile>
    <ClCompile Include="falton\src\joint\ftPistonJoint.cpp">
      <Filter>Source Files</Filter>
    </ClCompile>
    <ClCompile Include="falton\src\joint\ftSpringJoint.cpp">
      <Filter>Source Files</Filter>
    </ClCompile>
    <ClCompile Include="falton\src\shape\ftCircle.cpp">
      <Filter>Source Files</Filter>
    </ClCompile>
    <ClCompile Include="falton\src\shape\ftPolygon.cpp">
      <Filter>Source Files</Filter>
    </ClCompile>
    <ClCompile Include="falton\src\shape\ftShapeBuffer.cpp">
      <Filter>Source Files</Filter>
    </ClCompile>
    <ClCompile Include="src\chartgen.cpp">
      <Filter>Source Files</Filter>
    </ClCompile>
    <ClCompile Include="src\ftDebugCanvas.cpp">
      <Filter>Source Files</Filter>
    </ClCompile>
    <ClCompile Include="src\gl_main.cpp">
      <Filter>Source Files</Filter>
    </ClCompile>
    <ClCompile Include="src\imgui_impl_glfw_gl3.cpp">
      <Filter>Source Files</Filter>
    </ClCompile>
    <ClCompile Include="src\perfmain.cpp">
      <Filter>Source Files</Filter>
    </ClCompile>
    <ClCompile Include="vsbuild\cmakefiles\feature_tests.cxx">
      <Filter>Source Files</Filter>
    </ClCompile>
    <ClCompile Include="vsbuild\cmakefiles\3.6.1\compileridc\CMakeCCompilerId.c">
      <Filter>Source Files</Filter>
    </ClCompile>
    <ClCompile Include="vsbuild\cmakefiles\3.6.1\compileridcxx\CMakeCXXCompilerId.cpp">
      <Filter>Source Files</Filter>
    </ClCompile>
  </ItemGroup>
  <ItemGroup>
    <ClInclude Include="external\glfw\include\glfw\glfw3.h">
      <Filter>Header Files</Filter>
    </ClInclude>
    <ClInclude Include="external\glfw\include\glfw\glfw3native.h">
      <Filter>Header Files</Filter>
    </ClInclude>
    <ClInclude Include="external\imgui\include\gl\eglew.h">
      <Filter>Header Files</Filter>
    </ClInclude>
    <ClInclude Include="external\imgui\include\gl\gl3w.h">
      <Filter>Header Files</Filter>
    </ClInclude>
    <ClInclude Include="external\imgui\include\gl\glcorearb.h">
      <Filter>Header Files</Filter>
    </ClInclude>
    <ClInclude Include="external\imgui\include\gl\glew.h">
      <Filter>Header Files</Filter>
    </ClInclude>
    <ClInclude Include="external\imgui\include\gl\glxew.h">
      <Filter>Header Files</Filter>
    </ClInclude>
    <ClInclude Include="external\imgui\include\gl\wglew.h">
      <Filter>Header Files</Filter>
    </ClInclude>
    <ClInclude Include="external\imgui\include\imgui\imconfig.h">
      <Filter>Header Files</Filter>
    </ClInclude>
    <ClInclude Include="external\imgui\include\imgui\imgui.h">
      <Filter>Header Files</Filter>
    </ClInclude>
    <ClInclude Include="external\imgui\include\imgui\imgui_internal.h">
      <Filter>Header Files</Filter>
    </ClInclude>
    <ClInclude Include="external\imgui\include\imgui\stb_rect_pack.h">
      <Filter>Header Files</Filter>
    </ClInclude>
    <ClInclude Include="external\imgui\include\imgui\stb_textedit.h">
      <Filter>Header Files</Filter>
    </ClInclude>
    <ClInclude Include="external\imgui\include\imgui\stb_truetype.h">
      <Filter>Header Files</Filter>
    </ClInclude>
    <ClInclude Include="falton\include\ftProfiler.h">
      <Filter>Header Files</Filter>
    </ClInclude>
    <ClInclude Include="falton\include\falton\math.h">
      <Filter>Header Files</Filter>
    </ClInclude>
    <ClInclude Include="falton\include\falton\memory.h">
      <Filter>Header Files</Filter>
    </ClInclude>
    <ClInclude Include="falton\include\falton\physics.h">
      <Filter>Header Files</Filter>
    </ClInclude>
    <ClInclude Include="falton\include\falton\setting.h">
      <Filter>Header Files</Filter>
    </ClInclude>
    <ClInclude Include="falton\include\falton\collision\ftCollisionSystem.h">
      <Filter>Header Files</Filter>
    </ClInclude>
    <ClInclude Include="falton\include\falton\collision\ftContact.h">
      <Filter>Header Files</Filter>
    </ClInclude>
    <ClInclude Include="falton\include\falton\collision\ftManifoldComputer.h">
      <Filter>Header Files</Filter>
    </ClInclude>
    <ClInclude Include="falton\include\falton\collision\broadphase\ftBroadphaseSystem.h">
      <Filter>Header Files</Filter>
    </ClInclude>
    <ClInclude Include="falton\include\falton\collision\broadphase\ftDynamicBVH.h">
      <Filter>Header Files</Filter>
    </ClInclude>
    <ClInclude Include="falton\include\falton\collision\broadphase\ftHierarchicalGrid.h">
      <Filter>Header Files</Filter>
    </ClInclude>
    <ClInclude Include="falton\include\falton\collision\broadphase\ftNSquaredBroadphase.h">
      <Filter>Header Files</Filter>
    </ClInclude>
    <ClInclude Include="falton\include\falton\collision\broadphase\ftQuadTree.h">
      <Filter>Header Files</Filter>
    </ClInclude>
    <ClInclude Include="falton\include\falton\collision\broadphase\ftToroidalGrid.h">
      <Filter>Header Files</Filter>
    </ClInclude>
    <ClInclude Include="falton\include\falton\container\ftBitSet.h">
      <Filter>Header Files</Filter>
    </ClInclude>
    <ClInclude Include="falton\include\falton\container\ftChunkArray.h">
      <Filter>Header Files</Filter>
    </ClInclude>
    <ClInclude Include="falton\include\falton\container\ftIntQueue.h">
      <Filter>Header Files</Filter>
    </ClInclude>
    <ClInclude Include="falton\include\falton\container\ftRHHashTable.h">
      <Filter>Header Files</Filter>
    </ClInclude>
    <ClInclude Include="falton\include\falton\container\ftStack.h">
      <Filter>Header Files</Filter>
    </ClInclude>
    <ClInclude Include="falton\include\falton\container\ftVectorArray.h">
      <Filter>Header Files</Filter>
    </ClInclude>
    <ClInclude Include="falton\include\falton\dynamic\ftBody.h">
      <Filter>Header Files</Filter>
    </ClInclude>
    <ClInclude Include="falton\include\falton\dynamic\ftCollider.h">
      <Filter>Header Files</Filter>
    </ClInclude>
    <ClInclude Include="falton\include\falton\dynamic\ftConstraintSolver.h">
      <Filter>Header Files</Filter>
    </ClInclude>
    <ClInclude Include="falton\include\falton\dynamic\ftContactConstraint.h">
      <Filter>Header Files</Filter>
    </ClInclude>
    <ClInclude Include="falton\include\falton\dynamic\ftIsland.h">
      <Filter>Header Files</Filter>
    </ClInclude>
    <ClInclude Include="falton\include\falton\dynamic\ftIslandSystem.h">
      <Filter>Header Files</Filter>
    </ClInclude>
    <ClInclude Include="falton\include\falton\dynamic\ftJoint.h">
      <Filter>Header Files</Filter>
    </ClInclude>
    <ClInclude Include="falton\include\falton\dynamic\ftJointSolver.h">
      <Filter>Header Files</Filter>
    </ClInclude>
    <ClInclude Include="falton\include\falton\dynamic\ftMassComputer.h">
      <Filter>Header Files</Filter>
    </ClInclude>
    <ClInclude Include="falton\include\falton\dynamic\ftPhysicsSystem.h">
      <Filter>Header Files</Filter>
    </ClInclude>
    <ClInclude Include="falton\include\falton\shape\ftAABB.h">
      <Filter>Header Files</Filter>
    </ClInclude>
    <ClInclude Include="falton\include\falton\shape\ftCircle.h">
      <Filter>Header Files</Filter>
    </ClInclude>
    <ClInclude Include="falton\include\falton\shape\ftPolygon.h">
      <Filter>Header Files</Filter>
    </ClInclude>
    <ClInclude Include="falton\include\falton\shape\ftShape.h">
      <Filter>Header Files</Filter>
    </ClInclude>
    <ClInclude Include="falton\include\falton\shape\ftShapeBuffer.h">
      <Filter>Header Files</Filter>
    </ClInclude>
    <ClInclude Include="src\FaltonDemo.h">
      <Filter>Header Files</Filter>
    </ClInclude>
    <ClInclude Include="src\FaltonGUI.h">
      <Filter>Header Files</Filter>
    </ClInclude>
    <ClInclude Include="src\ftDebugCanvas.h">
      <Filter>Header Files</Filter>
    </ClInclude>
    <ClInclude Include="src\imgui_impl_glfw_gl3.h">
      <Filter>Header Files</Filter>
    </ClInclude>
    <ClInclude Include="src\window\DemoWindow.h">
      <Filter>Header Files</Filter>
    </ClInclude>
    <ClInclude Include="src\window\DrawerConfigWindow.h">
      <Filter>Header Files</Filter>
    </ClInclude>
    <ClInclude Include="src\window\ExecutionButton.h">
      <Filter>Header Files</Filter>
    </ClInclude>
    <ClInclude Include="src\window\PerformanceWindow.h">
      <Filter>Header Files</Filter>
    </ClInclude>
    <ClInclude Include="src\window\PhysicsConfigWindow.h">
      <Filter>Header Files</Filter>
    </ClInclude>
  </ItemGroup>
  <ItemGroup>
    <None Include="vsbuild\cmakefiles\feature_tests.bin">
      <Filter>Resource Files</Filter>
    </None>
    <None Include="vsbuild\cmakefiles\3.6.1\CMakeDetermineCompilerABI_C.bin">
      <Filter>Resource Files</Filter>
    </None>
    <None Include="vsbuild\cmakefiles\3.6.1\CMakeDetermineCompilerABI_CXX.bin">
      <Filter>Resource Files</Filter>
    </None>
  </ItemGroup>
</Project>